// !$*UTF8*$!
{
	archiveVersion = 1;
	classes = {
	};
	objectVersion = 50;
	objects = {

/* Begin PBXBuildFile section */
		18A85917220274210033CF39 /* AppDelegate.swift in Sources */ = {isa = PBXBuildFile; fileRef = 18A85916220274210033CF39 /* AppDelegate.swift */; };
		18A8591C220274210033CF39 /* Main.storyboard in Resources */ = {isa = PBXBuildFile; fileRef = 18A8591A220274210033CF39 /* Main.storyboard */; };
		18A8591E220274220033CF39 /* Assets.xcassets in Resources */ = {isa = PBXBuildFile; fileRef = 18A8591D220274220033CF39 /* Assets.xcassets */; };
		18A85921220274220033CF39 /* LaunchScreen.storyboard in Resources */ = {isa = PBXBuildFile; fileRef = 18A8591F220274220033CF39 /* LaunchScreen.storyboard */; };
		18A8592C220274220033CF39 /* GoodWeatherTests.swift in Sources */ = {isa = PBXBuildFile; fileRef = 18A8592B220274220033CF39 /* GoodWeatherTests.swift */; };
		18A85937220274220033CF39 /* GoodWeatherUITests.swift in Sources */ = {isa = PBXBuildFile; fileRef = 18A85936220274220033CF39 /* GoodWeatherUITests.swift */; };
		18A85946220276B30033CF39 /* WeatherListTableViewController.swift in Sources */ = {isa = PBXBuildFile; fileRef = 18A85945220276B30033CF39 /* WeatherListTableViewController.swift */; };
		18A85948220276E30033CF39 /* AddWeatherCityViewController.swift in Sources */ = {isa = PBXBuildFile; fileRef = 18A85947220276E30033CF39 /* AddWeatherCityViewController.swift */; };
		18A8594B22027C8B0033CF39 /* WeatherCell.swift in Sources */ = {isa = PBXBuildFile; fileRef = 18A8594A22027C8B0033CF39 /* WeatherCell.swift */; };
		18A8594E220334680033CF39 /* Webservice.swift in Sources */ = {isa = PBXBuildFile; fileRef = 18A8594D220334680033CF39 /* Webservice.swift */; };
		18A85951220337310033CF39 /* Urls.swift in Sources */ = {isa = PBXBuildFile; fileRef = 18A85950220337310033CF39 /* Urls.swift */; };
		18A85954220346E20033CF39 /* WeatherListViewModel.swift in Sources */ = {isa = PBXBuildFile; fileRef = 18A85953220346E20033CF39 /* WeatherListViewModel.swift */; };
		18A85957220348410033CF39 /* Weather.swift in Sources */ = {isa = PBXBuildFile; fileRef = 18A85956220348410033CF39 /* Weather.swift */; };
		18A8595922034A8A0033CF39 /* Temperature.swift in Sources */ = {isa = PBXBuildFile; fileRef = 18A8595822034A8A0033CF39 /* Temperature.swift */; };
		18A8595B220360090033CF39 /* TemperatureViewModel.swift in Sources */ = {isa = PBXBuildFile; fileRef = 18A8595A220360090033CF39 /* TemperatureViewModel.swift */; };
		18A8595E22036EEE0033CF39 /* Segues.swift in Sources */ = {isa = PBXBuildFile; fileRef = 18A8595D22036EEE0033CF39 /* Segues.swift */; };
		18A85960220379440033CF39 /* Double+Extensions.swift in Sources */ = {isa = PBXBuildFile; fileRef = 18A8595F220379440033CF39 /* Double+Extensions.swift */; };
		18A8596422037EF40033CF39 /* SettingsTableViewController.swift in Sources */ = {isa = PBXBuildFile; fileRef = 18A8596322037EF40033CF39 /* SettingsTableViewController.swift */; };
		18A8596622077A390033CF39 /* SettingsViewModel.swift in Sources */ = {isa = PBXBuildFile; fileRef = 18A8596522077A390033CF39 /* SettingsViewModel.swift */; };
		18A8596822079C760033CF39 /* AddCityViewModel.swift in Sources */ = {isa = PBXBuildFile; fileRef = 18A8596722079C760033CF39 /* AddCityViewModel.swift */; };
		18A8596B22079CE60033CF39 /* BindingTextField.swift in Sources */ = {isa = PBXBuildFile; fileRef = 18A8596A22079CE60033CF39 /* BindingTextField.swift */; };
		18A8596D2207A2460033CF39 /* WeatherDetailsViewController.swift in Sources */ = {isa = PBXBuildFile; fileRef = 18A8596C2207A2460033CF39 /* WeatherDetailsViewController.swift */; };
		18A859702207D3000033CF39 /* WeatherDataSource.swift in Sources */ = {isa = PBXBuildFile; fileRef = 18A8596F2207D3000033CF39 /* WeatherDataSource.swift */; };
		18A85972220909410033CF39 /* TableViewDataSource.swift in Sources */ = {isa = PBXBuildFile; fileRef = 18A85971220909410033CF39 /* TableViewDataSource.swift */; };
/* End PBXBuildFile section */

/* Begin PBXContainerItemProxy section */
		18A85928220274220033CF39 /* PBXContainerItemProxy */ = {
			isa = PBXContainerItemProxy;
			containerPortal = 18A8590B220274210033CF39 /* Project object */;
			proxyType = 1;
			remoteGlobalIDString = 18A85912220274210033CF39;
			remoteInfo = GoodWeather;
		};
		18A85933220274220033CF39 /* PBXContainerItemProxy */ = {
			isa = PBXContainerItemProxy;
			containerPortal = 18A8590B220274210033CF39 /* Project object */;
			proxyType = 1;
			remoteGlobalIDString = 18A85912220274210033CF39;
			remoteInfo = GoodWeather;
		};
/* End PBXContainerItemProxy section */

/* Begin PBXFileReference section */
		18A85913220274210033CF39 /* GoodWeather.app */ = {isa = PBXFileReference; explicitFileType = wrapper.application; includeInIndex = 0; path = GoodWeather.app; sourceTree = BUILT_PRODUCTS_DIR; };
		18A85916220274210033CF39 /* AppDelegate.swift */ = {isa = PBXFileReference; lastKnownFileType = sourcecode.swift; path = AppDelegate.swift; sourceTree = "<group>"; };
		18A8591B220274210033CF39 /* Base */ = {isa = PBXFileReference; lastKnownFileType = file.storyboard; name = Base; path = Base.lproj/Main.storyboard; sourceTree = "<group>"; };
		18A8591D220274220033CF39 /* Assets.xcassets */ = {isa = PBXFileReference; lastKnownFileType = folder.assetcatalog; path = Assets.xcassets; sourceTree = "<group>"; };
		18A85920220274220033CF39 /* Base */ = {isa = PBXFileReference; lastKnownFileType = file.storyboard; name = Base; path = Base.lproj/LaunchScreen.storyboard; sourceTree = "<group>"; };
		18A85922220274220033CF39 /* Info.plist */ = {isa = PBXFileReference; lastKnownFileType = text.plist.xml; path = Info.plist; sourceTree = "<group>"; };
		18A85927220274220033CF39 /* GoodWeatherTests.xctest */ = {isa = PBXFileReference; explicitFileType = wrapper.cfbundle; includeInIndex = 0; path = GoodWeatherTests.xctest; sourceTree = BUILT_PRODUCTS_DIR; };
		18A8592B220274220033CF39 /* GoodWeatherTests.swift */ = {isa = PBXFileReference; lastKnownFileType = sourcecode.swift; path = GoodWeatherTests.swift; sourceTree = "<group>"; };
		18A8592D220274220033CF39 /* Info.plist */ = {isa = PBXFileReference; lastKnownFileType = text.plist.xml; path = Info.plist; sourceTree = "<group>"; };
		18A85932220274220033CF39 /* GoodWeatherUITests.xctest */ = {isa = PBXFileReference; explicitFileType = wrapper.cfbundle; includeInIndex = 0; path = GoodWeatherUITests.xctest; sourceTree = BUILT_PRODUCTS_DIR; };
		18A85936220274220033CF39 /* GoodWeatherUITests.swift */ = {isa = PBXFileReference; lastKnownFileType = sourcecode.swift; path = GoodWeatherUITests.swift; sourceTree = "<group>"; };
		18A85938220274220033CF39 /* Info.plist */ = {isa = PBXFileReference; lastKnownFileType = text.plist.xml; path = Info.plist; sourceTree = "<group>"; };
		18A85945220276B30033CF39 /* WeatherListTableViewController.swift */ = {isa = PBXFileReference; lastKnownFileType = sourcecode.swift; path = WeatherListTableViewController.swift; sourceTree = "<group>"; };
		18A85947220276E30033CF39 /* AddWeatherCityViewController.swift */ = {isa = PBXFileReference; lastKnownFileType = sourcecode.swift; path = AddWeatherCityViewController.swift; sourceTree = "<group>"; };
		18A8594A22027C8B0033CF39 /* WeatherCell.swift */ = {isa = PBXFileReference; lastKnownFileType = sourcecode.swift; path = WeatherCell.swift; sourceTree = "<group>"; };
		18A8594D220334680033CF39 /* Webservice.swift */ = {isa = PBXFileReference; lastKnownFileType = sourcecode.swift; path = Webservice.swift; sourceTree = "<group>"; };
		18A85950220337310033CF39 /* Urls.swift */ = {isa = PBXFileReference; lastKnownFileType = sourcecode.swift; path = Urls.swift; sourceTree = "<group>"; };
		18A85953220346E20033CF39 /* WeatherListViewModel.swift */ = {isa = PBXFileReference; lastKnownFileType = sourcecode.swift; path = WeatherListViewModel.swift; sourceTree = "<group>"; };
		18A85956220348410033CF39 /* Weather.swift */ = {isa = PBXFileReference; lastKnownFileType = sourcecode.swift; path = Weather.swift; sourceTree = "<group>"; };
		18A8595822034A8A0033CF39 /* Temperature.swift */ = {isa = PBXFileReference; lastKnownFileType = sourcecode.swift; path = Temperature.swift; sourceTree = "<group>"; };
		18A8595A220360090033CF39 /* TemperatureViewModel.swift */ = {isa = PBXFileReference; lastKnownFileType = sourcecode.swift; path = TemperatureViewModel.swift; sourceTree = "<group>"; };
		18A8595D22036EEE0033CF39 /* Segues.swift */ = {isa = PBXFileReference; lastKnownFileType = sourcecode.swift; path = Segues.swift; sourceTree = "<group>"; };
		18A8595F220379440033CF39 /* Double+Extensions.swift */ = {isa = PBXFileReference; lastKnownFileType = sourcecode.swift; path = "Double+Extensions.swift"; sourceTree = "<group>"; };
		18A8596322037EF40033CF39 /* SettingsTableViewController.swift */ = {isa = PBXFileReference; lastKnownFileType = sourcecode.swift; path = SettingsTableViewController.swift; sourceTree = "<group>"; };
		18A8596522077A390033CF39 /* SettingsViewModel.swift */ = {isa = PBXFileReference; lastKnownFileType = sourcecode.swift; path = SettingsViewModel.swift; sourceTree = "<group>"; };
		18A8596722079C760033CF39 /* AddCityViewModel.swift */ = {isa = PBXFileReference; lastKnownFileType = sourcecode.swift; path = AddCityViewModel.swift; sourceTree = "<group>"; };
		18A8596A22079CE60033CF39 /* BindingTextField.swift */ = {isa = PBXFileReference; lastKnownFileType = sourcecode.swift; path = BindingTextField.swift; sourceTree = "<group>"; };
		18A8596C2207A2460033CF39 /* WeatherDetailsViewController.swift */ = {isa = PBXFileReference; lastKnownFileType = sourcecode.swift; path = WeatherDetailsViewController.swift; sourceTree = "<group>"; };
		18A8596F2207D3000033CF39 /* WeatherDataSource.swift */ = {isa = PBXFileReference; lastKnownFileType = sourcecode.swift; path = WeatherDataSource.swift; sourceTree = "<group>"; };
		18A85971220909410033CF39 /* TableViewDataSource.swift */ = {isa = PBXFileReference; lastKnownFileType = sourcecode.swift; path = TableViewDataSource.swift; sourceTree = "<group>"; };
/* End PBXFileReference section */

/* Begin PBXFrameworksBuildPhase section */
		18A85910220274210033CF39 /* Frameworks */ = {
			isa = PBXFrameworksBuildPhase;
			buildActionMask = 2147483647;
			files = (
			);
			runOnlyForDeploymentPostprocessing = 0;
		};
		18A85924220274220033CF39 /* Frameworks */ = {
			isa = PBXFrameworksBuildPhase;
			buildActionMask = 2147483647;
			files = (
			);
			runOnlyForDeploymentPostprocessing = 0;
		};
		18A8592F220274220033CF39 /* Frameworks */ = {
			isa = PBXFrameworksBuildPhase;
			buildActionMask = 2147483647;
			files = (
			);
			runOnlyForDeploymentPostprocessing = 0;
		};
/* End PBXFrameworksBuildPhase section */

/* Begin PBXGroup section */
		18A8590A220274210033CF39 = {
			isa = PBXGroup;
			children = (
				18A85915220274210033CF39 /* GoodWeather */,
				18A8592A220274220033CF39 /* GoodWeatherTests */,
				18A85935220274220033CF39 /* GoodWeatherUITests */,
				18A85914220274210033CF39 /* Products */,
			);
			sourceTree = "<group>";
		};
		18A85914220274210033CF39 /* Products */ = {
			isa = PBXGroup;
			children = (
				18A85913220274210033CF39 /* GoodWeather.app */,
				18A85927220274220033CF39 /* GoodWeatherTests.xctest */,
				18A85932220274220033CF39 /* GoodWeatherUITests.xctest */,
			);
			name = Products;
			sourceTree = "<group>";
		};
		18A85915220274210033CF39 /* GoodWeather */ = {
			isa = PBXGroup;
			children = (
				18A8596E2207D2E90033CF39 /* Data Sources */,
				18A8596922079CB90033CF39 /* Custom Controls */,
				18A8595C22036ED90033CF39 /* Segues */,
				18A85955220348310033CF39 /* Models */,
				18A85952220346CB0033CF39 /* View Models */,
				18A8594F2203371E0033CF39 /* Urls */,
				18A8594C2203344F0033CF39 /* Services */,
				18A8594922027C6C0033CF39 /* Custom Cells */,
				18A85944220276880033CF39 /* Controllers */,
				18A85916220274210033CF39 /* AppDelegate.swift */,
				18A8591A220274210033CF39 /* Main.storyboard */,
				18A8591D220274220033CF39 /* Assets.xcassets */,
				18A8591F220274220033CF39 /* LaunchScreen.storyboard */,
				18A85922220274220033CF39 /* Info.plist */,
				18A8595F220379440033CF39 /* Double+Extensions.swift */,
			);
			path = GoodWeather;
			sourceTree = "<group>";
		};
		18A8592A220274220033CF39 /* GoodWeatherTests */ = {
			isa = PBXGroup;
			children = (
				18A8592B220274220033CF39 /* GoodWeatherTests.swift */,
				18A8592D220274220033CF39 /* Info.plist */,
			);
			path = GoodWeatherTests;
			sourceTree = "<group>";
		};
		18A85935220274220033CF39 /* GoodWeatherUITests */ = {
			isa = PBXGroup;
			children = (
				18A85936220274220033CF39 /* GoodWeatherUITests.swift */,
				18A85938220274220033CF39 /* Info.plist */,
			);
			path = GoodWeatherUITests;
			sourceTree = "<group>";
		};
		18A85944220276880033CF39 /* Controllers */ = {
			isa = PBXGroup;
			children = (
				18A85945220276B30033CF39 /* WeatherListTableViewController.swift */,
				18A85947220276E30033CF39 /* AddWeatherCityViewController.swift */,
				18A8596322037EF40033CF39 /* SettingsTableViewController.swift */,
				18A8596C2207A2460033CF39 /* WeatherDetailsViewController.swift */,
			);
			path = Controllers;
			sourceTree = "<group>";
		};
		18A8594922027C6C0033CF39 /* Custom Cells */ = {
			isa = PBXGroup;
			children = (
				18A8594A22027C8B0033CF39 /* WeatherCell.swift */,
			);
			path = "Custom Cells";
			sourceTree = "<group>";
		};
		18A8594C2203344F0033CF39 /* Services */ = {
			isa = PBXGroup;
			children = (
				18A8594D220334680033CF39 /* Webservice.swift */,
			);
			path = Services;
			sourceTree = "<group>";
		};
		18A8594F2203371E0033CF39 /* Urls */ = {
			isa = PBXGroup;
			children = (
				18A85950220337310033CF39 /* Urls.swift */,
			);
			path = Urls;
			sourceTree = "<group>";
		};
		18A85952220346CB0033CF39 /* View Models */ = {
			isa = PBXGroup;
			children = (
				18A85953220346E20033CF39 /* WeatherListViewModel.swift */,
				18A8595A220360090033CF39 /* TemperatureViewModel.swift */,
				18A8596522077A390033CF39 /* SettingsViewModel.swift */,
				18A8596722079C760033CF39 /* AddCityViewModel.swift */,
			);
			path = "View Models";
			sourceTree = "<group>";
		};
		18A85955220348310033CF39 /* Models */ = {
			isa = PBXGroup;
			children = (
				18A85956220348410033CF39 /* Weather.swift */,
				18A8595822034A8A0033CF39 /* Temperature.swift */,
			);
			path = Models;
			sourceTree = "<group>";
		};
		18A8595C22036ED90033CF39 /* Segues */ = {
			isa = PBXGroup;
			children = (
				18A8595D22036EEE0033CF39 /* Segues.swift */,
			);
			path = Segues;
			sourceTree = "<group>";
		};
		18A8596922079CB90033CF39 /* Custom Controls */ = {
			isa = PBXGroup;
			children = (
				18A8596A22079CE60033CF39 /* BindingTextField.swift */,
			);
			path = "Custom Controls";
			sourceTree = "<group>";
		};
		18A8596E2207D2E90033CF39 /* Data Sources */ = {
			isa = PBXGroup;
			children = (
				18A8596F2207D3000033CF39 /* WeatherDataSource.swift */,
				18A85971220909410033CF39 /* TableViewDataSource.swift */,
			);
			path = "Data Sources";
			sourceTree = "<group>";
		};
/* End PBXGroup section */

/* Begin PBXNativeTarget section */
		18A85912220274210033CF39 /* GoodWeather */ = {
			isa = PBXNativeTarget;
			buildConfigurationList = 18A8593B220274220033CF39 /* Build configuration list for PBXNativeTarget "GoodWeather" */;
			buildPhases = (
				18A8590F220274210033CF39 /* Sources */,
				18A85910220274210033CF39 /* Frameworks */,
				18A85911220274210033CF39 /* Resources */,
			);
			buildRules = (
			);
			dependencies = (
			);
			name = GoodWeather;
			productName = GoodWeather;
			productReference = 18A85913220274210033CF39 /* GoodWeather.app */;
			productType = "com.apple.product-type.application";
		};
		18A85926220274220033CF39 /* GoodWeatherTests */ = {
			isa = PBXNativeTarget;
			buildConfigurationList = 18A8593E220274220033CF39 /* Build configuration list for PBXNativeTarget "GoodWeatherTests" */;
			buildPhases = (
				18A85923220274220033CF39 /* Sources */,
				18A85924220274220033CF39 /* Frameworks */,
				18A85925220274220033CF39 /* Resources */,
			);
			buildRules = (
			);
			dependencies = (
				18A85929220274220033CF39 /* PBXTargetDependency */,
			);
			name = GoodWeatherTests;
			productName = GoodWeatherTests;
			productReference = 18A85927220274220033CF39 /* GoodWeatherTests.xctest */;
			productType = "com.apple.product-type.bundle.unit-test";
		};
		18A85931220274220033CF39 /* GoodWeatherUITests */ = {
			isa = PBXNativeTarget;
			buildConfigurationList = 18A85941220274220033CF39 /* Build configuration list for PBXNativeTarget "GoodWeatherUITests" */;
			buildPhases = (
				18A8592E220274220033CF39 /* Sources */,
				18A8592F220274220033CF39 /* Frameworks */,
				18A85930220274220033CF39 /* Resources */,
			);
			buildRules = (
			);
			dependencies = (
				18A85934220274220033CF39 /* PBXTargetDependency */,
			);
			name = GoodWeatherUITests;
			productName = GoodWeatherUITests;
			productReference = 18A85932220274220033CF39 /* GoodWeatherUITests.xctest */;
			productType = "com.apple.product-type.bundle.ui-testing";
		};
/* End PBXNativeTarget section */

/* Begin PBXProject section */
		18A8590B220274210033CF39 /* Project object */ = {
			isa = PBXProject;
			attributes = {
				LastSwiftUpdateCheck = 1010;
				LastUpgradeCheck = 1010;
				ORGANIZATIONNAME = "Vinicius Ricci";
				TargetAttributes = {
					18A85912220274210033CF39 = {
						CreatedOnToolsVersion = 10.1;
					};
					18A85926220274220033CF39 = {
						CreatedOnToolsVersion = 10.1;
						TestTargetID = 18A85912220274210033CF39;
					};
					18A85931220274220033CF39 = {
						CreatedOnToolsVersion = 10.1;
						TestTargetID = 18A85912220274210033CF39;
					};
				};
			};
			buildConfigurationList = 18A8590E220274210033CF39 /* Build configuration list for PBXProject "GoodWeather" */;
			compatibilityVersion = "Xcode 9.3";
			developmentRegion = en;
			hasScannedForEncodings = 0;
			knownRegions = (
				en,
				Base,
			);
			mainGroup = 18A8590A220274210033CF39;
			productRefGroup = 18A85914220274210033CF39 /* Products */;
			projectDirPath = "";
			projectRoot = "";
			targets = (
				18A85912220274210033CF39 /* GoodWeather */,
				18A85926220274220033CF39 /* GoodWeatherTests */,
				18A85931220274220033CF39 /* GoodWeatherUITests */,
			);
		};
/* End PBXProject section */

/* Begin PBXResourcesBuildPhase section */
		18A85911220274210033CF39 /* Resources */ = {
			isa = PBXResourcesBuildPhase;
			buildActionMask = 2147483647;
			files = (
				18A85921220274220033CF39 /* LaunchScreen.storyboard in Resources */,
				18A8591E220274220033CF39 /* Assets.xcassets in Resources */,
				18A8591C220274210033CF39 /* Main.storyboard in Resources */,
			);
			runOnlyForDeploymentPostprocessing = 0;
		};
		18A85925220274220033CF39 /* Resources */ = {
			isa = PBXResourcesBuildPhase;
			buildActionMask = 2147483647;
			files = (
			);
			runOnlyForDeploymentPostprocessing = 0;
		};
		18A85930220274220033CF39 /* Resources */ = {
			isa = PBXResourcesBuildPhase;
			buildActionMask = 2147483647;
			files = (
			);
			runOnlyForDeploymentPostprocessing = 0;
		};
/* End PBXResourcesBuildPhase section */

/* Begin PBXSourcesBuildPhase section */
		18A8590F220274210033CF39 /* Sources */ = {
			isa = PBXSourcesBuildPhase;
			buildActionMask = 2147483647;
			files = (
				18A85960220379440033CF39 /* Double+Extensions.swift in Sources */,
				18A8596422037EF40033CF39 /* SettingsTableViewController.swift in Sources */,
				18A85957220348410033CF39 /* Weather.swift in Sources */,
				18A8594B22027C8B0033CF39 /* WeatherCell.swift in Sources */,
				18A8595922034A8A0033CF39 /* Temperature.swift in Sources */,
				18A8596B22079CE60033CF39 /* BindingTextField.swift in Sources */,
				18A8596822079C760033CF39 /* AddCityViewModel.swift in Sources */,
				18A85946220276B30033CF39 /* WeatherListTableViewController.swift in Sources */,
				18A85948220276E30033CF39 /* AddWeatherCityViewController.swift in Sources */,
				18A8595B220360090033CF39 /* TemperatureViewModel.swift in Sources */,
				18A8596D2207A2460033CF39 /* WeatherDetailsViewController.swift in Sources */,
				18A859702207D3000033CF39 /* WeatherDataSource.swift in Sources */,
				18A85954220346E20033CF39 /* WeatherListViewModel.swift in Sources */,
				18A85951220337310033CF39 /* Urls.swift in Sources */,
				18A8595E22036EEE0033CF39 /* Segues.swift in Sources */,
				18A8594E220334680033CF39 /* Webservice.swift in Sources */,
				18A85917220274210033CF39 /* AppDelegate.swift in Sources */,
				18A85972220909410033CF39 /* TableViewDataSource.swift in Sources */,
				18A8596622077A390033CF39 /* SettingsViewModel.swift in Sources */,
			);
			runOnlyForDeploymentPostprocessing = 0;
		};
		18A85923220274220033CF39 /* Sources */ = {
			isa = PBXSourcesBuildPhase;
			buildActionMask = 2147483647;
			files = (
				18A8592C220274220033CF39 /* GoodWeatherTests.swift in Sources */,
			);
			runOnlyForDeploymentPostprocessing = 0;
		};
		18A8592E220274220033CF39 /* Sources */ = {
			isa = PBXSourcesBuildPhase;
			buildActionMask = 2147483647;
			files = (
				18A85937220274220033CF39 /* GoodWeatherUITests.swift in Sources */,
			);
			runOnlyForDeploymentPostprocessing = 0;
		};
/* End PBXSourcesBuildPhase section */

/* Begin PBXTargetDependency section */
		18A85929220274220033CF39 /* PBXTargetDependency */ = {
			isa = PBXTargetDependency;
			target = 18A85912220274210033CF39 /* GoodWeather */;
			targetProxy = 18A85928220274220033CF39 /* PBXContainerItemProxy */;
		};
		18A85934220274220033CF39 /* PBXTargetDependency */ = {
			isa = PBXTargetDependency;
			target = 18A85912220274210033CF39 /* GoodWeather */;
			targetProxy = 18A85933220274220033CF39 /* PBXContainerItemProxy */;
		};
/* End PBXTargetDependency section */

/* Begin PBXVariantGroup section */
		18A8591A220274210033CF39 /* Main.storyboard */ = {
			isa = PBXVariantGroup;
			children = (
				18A8591B220274210033CF39 /* Base */,
			);
			name = Main.storyboard;
			sourceTree = "<group>";
		};
		18A8591F220274220033CF39 /* LaunchScreen.storyboard */ = {
			isa = PBXVariantGroup;
			children = (
				18A85920220274220033CF39 /* Base */,
			);
			name = LaunchScreen.storyboard;
			sourceTree = "<group>";
		};
/* End PBXVariantGroup section */

/* Begin XCBuildConfiguration section */
		18A85939220274220033CF39 /* Debug */ = {
			isa = XCBuildConfiguration;
			buildSettings = {
				ALWAYS_SEARCH_USER_PATHS = NO;
				CLANG_ANALYZER_NONNULL = YES;
				CLANG_ANALYZER_NUMBER_OBJECT_CONVERSION = YES_AGGRESSIVE;
				CLANG_CXX_LANGUAGE_STANDARD = "gnu++14";
				CLANG_CXX_LIBRARY = "libc++";
				CLANG_ENABLE_MODULES = YES;
				CLANG_ENABLE_OBJC_ARC = YES;
				CLANG_ENABLE_OBJC_WEAK = YES;
				CLANG_WARN_BLOCK_CAPTURE_AUTORELEASING = YES;
				CLANG_WARN_BOOL_CONVERSION = YES;
				CLANG_WARN_COMMA = YES;
				CLANG_WARN_CONSTANT_CONVERSION = YES;
				CLANG_WARN_DEPRECATED_OBJC_IMPLEMENTATIONS = YES;
				CLANG_WARN_DIRECT_OBJC_ISA_USAGE = YES_ERROR;
				CLANG_WARN_DOCUMENTATION_COMMENTS = YES;
				CLANG_WARN_EMPTY_BODY = YES;
				CLANG_WARN_ENUM_CONVERSION = YES;
				CLANG_WARN_INFINITE_RECURSION = YES;
				CLANG_WARN_INT_CONVERSION = YES;
				CLANG_WARN_NON_LITERAL_NULL_CONVERSION = YES;
				CLANG_WARN_OBJC_IMPLICIT_RETAIN_SELF = YES;
				CLANG_WARN_OBJC_LITERAL_CONVERSION = YES;
				CLANG_WARN_OBJC_ROOT_CLASS = YES_ERROR;
				CLANG_WARN_RANGE_LOOP_ANALYSIS = YES;
				CLANG_WARN_STRICT_PROTOTYPES = YES;
				CLANG_WARN_SUSPICIOUS_MOVE = YES;
				CLANG_WARN_UNGUARDED_AVAILABILITY = YES_AGGRESSIVE;
				CLANG_WARN_UNREACHABLE_CODE = YES;
				CLANG_WARN__DUPLICATE_METHOD_MATCH = YES;
				CODE_SIGN_IDENTITY = "iPhone Developer";
				COPY_PHASE_STRIP = NO;
				DEBUG_INFORMATION_FORMAT = dwarf;
				ENABLE_STRICT_OBJC_MSGSEND = YES;
				ENABLE_TESTABILITY = YES;
				GCC_C_LANGUAGE_STANDARD = gnu11;
				GCC_DYNAMIC_NO_PIC = NO;
				GCC_NO_COMMON_BLOCKS = YES;
				GCC_OPTIMIZATION_LEVEL = 0;
				GCC_PREPROCESSOR_DEFINITIONS = (
					"DEBUG=1",
					"$(inherited)",
				);
				GCC_WARN_64_TO_32_BIT_CONVERSION = YES;
				GCC_WARN_ABOUT_RETURN_TYPE = YES_ERROR;
				GCC_WARN_UNDECLARED_SELECTOR = YES;
				GCC_WARN_UNINITIALIZED_AUTOS = YES_AGGRESSIVE;
				GCC_WARN_UNUSED_FUNCTION = YES;
				GCC_WARN_UNUSED_VARIABLE = YES;
				IPHONEOS_DEPLOYMENT_TARGET = 12.1;
				MTL_ENABLE_DEBUG_INFO = INCLUDE_SOURCE;
				MTL_FAST_MATH = YES;
				ONLY_ACTIVE_ARCH = YES;
				SDKROOT = iphoneos;
				SWIFT_ACTIVE_COMPILATION_CONDITIONS = DEBUG;
				SWIFT_OPTIMIZATION_LEVEL = "-Onone";
			};
			name = Debug;
		};
		18A8593A220274220033CF39 /* Release */ = {
			isa = XCBuildConfiguration;
			buildSettings = {
				ALWAYS_SEARCH_USER_PATHS = NO;
				CLANG_ANALYZER_NONNULL = YES;
				CLANG_ANALYZER_NUMBER_OBJECT_CONVERSION = YES_AGGRESSIVE;
				CLANG_CXX_LANGUAGE_STANDARD = "gnu++14";
				CLANG_CXX_LIBRARY = "libc++";
				CLANG_ENABLE_MODULES = YES;
				CLANG_ENABLE_OBJC_ARC = YES;
				CLANG_ENABLE_OBJC_WEAK = YES;
				CLANG_WARN_BLOCK_CAPTURE_AUTORELEASING = YES;
				CLANG_WARN_BOOL_CONVERSION = YES;
				CLANG_WARN_COMMA = YES;
				CLANG_WARN_CONSTANT_CONVERSION = YES;
				CLANG_WARN_DEPRECATED_OBJC_IMPLEMENTATIONS = YES;
				CLANG_WARN_DIRECT_OBJC_ISA_USAGE = YES_ERROR;
				CLANG_WARN_DOCUMENTATION_COMMENTS = YES;
				CLANG_WARN_EMPTY_BODY = YES;
				CLANG_WARN_ENUM_CONVERSION = YES;
				CLANG_WARN_INFINITE_RECURSION = YES;
				CLANG_WARN_INT_CONVERSION = YES;
				CLANG_WARN_NON_LITERAL_NULL_CONVERSION = YES;
				CLANG_WARN_OBJC_IMPLICIT_RETAIN_SELF = YES;
				CLANG_WARN_OBJC_LITERAL_CONVERSION = YES;
				CLANG_WARN_OBJC_ROOT_CLASS = YES_ERROR;
				CLANG_WARN_RANGE_LOOP_ANALYSIS = YES;
				CLANG_WARN_STRICT_PROTOTYPES = YES;
				CLANG_WARN_SUSPICIOUS_MOVE = YES;
				CLANG_WARN_UNGUARDED_AVAILABILITY = YES_AGGRESSIVE;
				CLANG_WARN_UNREACHABLE_CODE = YES;
				CLANG_WARN__DUPLICATE_METHOD_MATCH = YES;
				CODE_SIGN_IDENTITY = "iPhone Developer";
				COPY_PHASE_STRIP = NO;
				DEBUG_INFORMATION_FORMAT = "dwarf-with-dsym";
				ENABLE_NS_ASSERTIONS = NO;
				ENABLE_STRICT_OBJC_MSGSEND = YES;
				GCC_C_LANGUAGE_STANDARD = gnu11;
				GCC_NO_COMMON_BLOCKS = YES;
				GCC_WARN_64_TO_32_BIT_CONVERSION = YES;
				GCC_WARN_ABOUT_RETURN_TYPE = YES_ERROR;
				GCC_WARN_UNDECLARED_SELECTOR = YES;
				GCC_WARN_UNINITIALIZED_AUTOS = YES_AGGRESSIVE;
				GCC_WARN_UNUSED_FUNCTION = YES;
				GCC_WARN_UNUSED_VARIABLE = YES;
				IPHONEOS_DEPLOYMENT_TARGET = 12.1;
				MTL_ENABLE_DEBUG_INFO = NO;
				MTL_FAST_MATH = YES;
				SDKROOT = iphoneos;
				SWIFT_COMPILATION_MODE = wholemodule;
				SWIFT_OPTIMIZATION_LEVEL = "-O";
				VALIDATE_PRODUCT = YES;
			};
			name = Release;
		};
		18A8593C220274220033CF39 /* Debug */ = {
			isa = XCBuildConfiguration;
			buildSettings = {
				ASSETCATALOG_COMPILER_APPICON_NAME = AppIcon;
				CODE_SIGN_STYLE = Automatic;
				DEVELOPMENT_TEAM = LQVQ6Y77KQ;
				INFOPLIST_FILE = GoodWeather/Info.plist;
				LD_RUNPATH_SEARCH_PATHS = (
					"$(inherited)",
					"@executable_path/Frameworks",
				);
				PRODUCT_BUNDLE_IDENTIFIER = vsriccitecnologies.GoodWeather;
				PRODUCT_NAME = "$(TARGET_NAME)";
				SWIFT_VERSION = 4.2;
				TARGETED_DEVICE_FAMILY = "1,2";
			};
			name = Debug;
		};
		18A8593D220274220033CF39 /* Release */ = {
			isa = XCBuildConfiguration;
			buildSettings = {
				ASSETCATALOG_COMPILER_APPICON_NAME = AppIcon;
				CODE_SIGN_STYLE = Automatic;
				DEVELOPMENT_TEAM = LQVQ6Y77KQ;
				INFOPLIST_FILE = GoodWeather/Info.plist;
				LD_RUNPATH_SEARCH_PATHS = (
					"$(inherited)",
					"@executable_path/Frameworks",
				);
				PRODUCT_BUNDLE_IDENTIFIER = vsriccitecnologies.GoodWeather;
				PRODUCT_NAME = "$(TARGET_NAME)";
				SWIFT_VERSION = 4.2;
				TARGETED_DEVICE_FAMILY = "1,2";
			};
			name = Release;
		};
		18A8593F220274220033CF39 /* Debug */ = {
			isa = XCBuildConfiguration;
			buildSettings = {
				ALWAYS_EMBED_SWIFT_STANDARD_LIBRARIES = YES;
				BUNDLE_LOADER = "$(TEST_HOST)";
				CODE_SIGN_STYLE = Automatic;
				DEVELOPMENT_TEAM = 889286V7CX;
				INFOPLIST_FILE = GoodWeatherTests/Info.plist;
				LD_RUNPATH_SEARCH_PATHS = (
					"$(inherited)",
					"@executable_path/Frameworks",
					"@loader_path/Frameworks",
				);
				PRODUCT_BUNDLE_IDENTIFIER = vsriccitecnologies.GoodWeatherTests;
				PRODUCT_NAME = "$(TARGET_NAME)";
				SWIFT_VERSION = 4.2;
				TARGETED_DEVICE_FAMILY = "1,2";
				TEST_HOST = "$(BUILT_PRODUCTS_DIR)/GoodWeather.app/GoodWeather";
			};
			name = Debug;
		};
		18A85940220274220033CF39 /* Release */ = {
			isa = XCBuildConfiguration;
			buildSettings = {
				ALWAYS_EMBED_SWIFT_STANDARD_LIBRARIES = YES;
				BUNDLE_LOADER = "$(TEST_HOST)";
				CODE_SIGN_STYLE = Automatic;
				DEVELOPMENT_TEAM = 889286V7CX;
				INFOPLIST_FILE = GoodWeatherTests/Info.plist;
				LD_RUNPATH_SEARCH_PATHS = (
					"$(inherited)",
					"@executable_path/Frameworks",
					"@loader_path/Frameworks",
				);
				PRODUCT_BUNDLE_IDENTIFIER = vsriccitecnologies.GoodWeatherTests;
				PRODUCT_NAME = "$(TARGET_NAME)";
				SWIFT_VERSION = 4.2;
				TARGETED_DEVICE_FAMILY = "1,2";
				TEST_HOST = "$(BUILT_PRODUCTS_DIR)/GoodWeather.app/GoodWeather";
			};
			name = Release;
		};
		18A85942220274220033CF39 /* Debug */ = {
			isa = XCBuildConfiguration;
			buildSettings = {
				ALWAYS_EMBED_SWIFT_STANDARD_LIBRARIES = YES;
				CODE_SIGN_STYLE = Automatic;
				DEVELOPMENT_TEAM = 889286V7CX;
				INFOPLIST_FILE = GoodWeatherUITests/Info.plist;
				LD_RUNPATH_SEARCH_PATHS = (
					"$(inherited)",
					"@executable_path/Frameworks",
					"@loader_path/Frameworks",
				);
				PRODUCT_BUNDLE_IDENTIFIER = vsriccitecnologies.GoodWeatherUITests;
				PRODUCT_NAME = "$(TARGET_NAME)";
				SWIFT_VERSION = 4.2;
				TARGETED_DEVICE_FAMILY = "1,2";
				TEST_TARGET_NAME = GoodWeather;
			};
			name = Debug;
		};
		18A85943220274220033CF39 /* Release */ = {
			isa = XCBuildConfiguration;
			buildSettings = {
				ALWAYS_EMBED_SWIFT_STANDARD_LIBRARIES = YES;
				CODE_SIGN_STYLE = Automatic;
				DEVELOPMENT_TEAM = 889286V7CX;
				INFOPLIST_FILE = GoodWeatherUITests/Info.plist;
				LD_RUNPATH_SEARCH_PATHS = (
					"$(inherited)",
					"@executable_path/Frameworks",
					"@loader_path/Frameworks",
				);
				PRODUCT_BUNDLE_IDENTIFIER = vsriccitecnologies.GoodWeatherUITests;
				PRODUCT_NAME = "$(TARGET_NAME)";
				SWIFT_VERSION = 4.2;
				TARGETED_DEVICE_FAMILY = "1,2";
				TEST_TARGET_NAME = GoodWeather;
			};
			name = Release;
		};
/* End XCBuildConfiguration section */

/* Begin XCConfigurationList section */
		18A8590E220274210033CF39 /* Build configuration list for PBXProject "GoodWeather" */ = {
			isa = XCConfigurationList;
			buildConfigurations = (
				18A85939220274220033CF39 /* Debug */,
				18A8593A220274220033CF39 /* Release */,
			);
			defaultConfigurationIsVisible = 0;
			defaultConfigurationName = Release;
		};
		18A8593B220274220033CF39 /* Build configuration list for PBXNativeTarget "GoodWeather" */ = {
			isa = XCConfigurationList;
			buildConfigurations = (
				18A8593C220274220033CF39 /* Debug */,
				18A8593D220274220033CF39 /* Release */,
			);
			defaultConfigurationIsVisible = 0;
			defaultConfigurationName = Release;
		};
		18A8593E220274220033CF39 /* Build configuration list for PBXNativeTarget "GoodWeatherTests" */ = {
			isa = XCConfigurationList;
			buildConfigurations = (
				18A8593F220274220033CF39 /* Debug */,
				18A85940220274220033CF39 /* Release */,
			);
			defaultConfigurationIsVisible = 0;
			defaultConfigurationName = Release;
		};
		18A85941220274220033CF39 /* Build configuration list for PBXNativeTarget "GoodWeatherUITests" */ = {
			isa = XCConfigurationList;
			buildConfigurations = (
				18A85942220274220033CF39 /* Debug */,
				18A85943220274220033CF39 /* Release */,
			);
			defaultConfigurationIsVisible = 0;
			defaultConfigurationName = Release;
		};
/* End XCConfigurationList section */
	};
	rootObject = 18A8590B220274210033CF39 /* Project object */;
}
